
Microsoft Visual Studio Solution File, Format Version 12.00
# Visual Studio Version 16
VisualStudioVersion = 16.0.30011.22
MinimumVisualStudioVersion = 10.0.40219.1
Project("{FAE04EC0-301F-11D3-BF4B-00C04F79EFBC}") = "ZaWarado", "ZaWarado\ZaWarado.csproj", "{11A390E3-8D4A-4C81-B85A-D06B19D2AEFA}"
EndProject
Global
	GlobalSection(SolutionConfigurationPlatforms) = preSolution
		Debug|Any CPU = Debug|Any CPU
		Release|Any CPU = Release|Any CPU
	EndGlobalSection
	GlobalSection(ProjectConfigurationPlatforms) = postSolution
		{11A390E3-8D4A-4C81-B85A-D06B19D2AEFA}.Debug|Any CPU.ActiveCfg = Debug|Any CPU
		{11A390E3-8D4A-4C81-B85A-D06B19D2AEFA}.Debug|Any CPU.Build.0 = Debug|Any CPU
		{11A390E3-8D4A-4C81-B85A-D06B19D2AEFA}.Release|Any CPU.ActiveCfg = Release|Any CPU
		{11A390E3-8D4A-4C81-B85A-D06B19D2AEFA}.Release|Any CPU.Build.0 = Release|Any CPU
	EndGlobalSection
	GlobalSection(SolutionProperties) = preSolution
		HideSolutionNode = FALSE
	EndGlobalSection
	GlobalSection(ExtensibilityGlobals) = postSolution
		SolutionGuid = {9CC23F7C-BF5C-42D1-8818-7DB4CD029D26}
	EndGlobalSection
EndGlobal
